// !$*UTF8*$!
{
	archiveVersion = 1;
	classes = {
	};
	objectVersion = 46;
	objects = {

/* Begin PBXBuildFile section */
		38273ED316CF1B2000AB3B03 /* DCPColor.m in Sources */ = {isa = PBXBuildFile; fileRef = 38273ED216CF1B2000AB3B03 /* DCPColor.m */; };
		38310C7716D5D07F0098C6F5 /* DCPTaskOperationManager.m in Sources */ = {isa = PBXBuildFile; fileRef = 38310C7616D5D07F0098C6F5 /* DCPTaskOperationManager.m */; };
		38488CC516D70F0B007CA4C6 /* DCPMainController.m in Sources */ = {isa = PBXBuildFile; fileRef = 38488CC316D70F0B007CA4C6 /* DCPMainController.m */; };
		38488CC616D70F0B007CA4C6 /* DCPMainView.xib in Resources */ = {isa = PBXBuildFile; fileRef = 38488CC416D70F0B007CA4C6 /* DCPMainView.xib */; };
		38738F01172EAD9C00F031A5 /* status-icon.png in Resources */ = {isa = PBXBuildFile; fileRef = 38738F00172EAD9C00F031A5 /* status-icon.png */; };
		38738F03172EB65600F031A5 /* logo.png in Resources */ = {isa = PBXBuildFile; fileRef = 38738F02172EB65600F031A5 /* logo.png */; };
		38E9C5F317302E0100D77735 /* DCPPreferencesWindow.xib in Resources */ = {isa = PBXBuildFile; fileRef = 38E9C5F217302E0100D77735 /* DCPPreferencesWindow.xib */; };
		38E9C5F617302EDF00D77735 /* DCPPreferencesController.m in Sources */ = {isa = PBXBuildFile; fileRef = 38E9C5F517302EDF00D77735 /* DCPPreferencesController.m */; };
		38E9C69017304B3500D77735 /* Foundation.framework in Frameworks */ = {isa = PBXBuildFile; fileRef = 38E9C68F17304B3500D77735 /* Foundation.framework */; };
		38E9C69617304B3500D77735 /* InfoPlist.strings in Resources */ = {isa = PBXBuildFile; fileRef = 38E9C69417304B3500D77735 /* InfoPlist.strings */; };
		38E9C69917304B3500D77735 /* main.m in Sources */ = {isa = PBXBuildFile; fileRef = 38E9C69817304B3500D77735 /* main.m */; };
		38E9C69E17304B5400D77735 /* dcpcommand-service.entitlements in Resources */ = {isa = PBXBuildFile; fileRef = 38E9C69D17304B5400D77735 /* dcpcommand-service.entitlements */; };
		38F2524A16CDEC870091B479 /* Cocoa.framework in Frameworks */ = {isa = PBXBuildFile; fileRef = 38F2524916CDEC870091B479 /* Cocoa.framework */; };
		38F2525416CDEC870091B479 /* InfoPlist.strings in Resources */ = {isa = PBXBuildFile; fileRef = 38F2525216CDEC870091B479 /* InfoPlist.strings */; };
		38F2525616CDEC870091B479 /* main.m in Sources */ = {isa = PBXBuildFile; fileRef = 38F2525516CDEC870091B479 /* main.m */; };
		38F2525A16CDEC870091B479 /* Credits.rtf in Resources */ = {isa = PBXBuildFile; fileRef = 38F2525816CDEC870091B479 /* Credits.rtf */; };
		38F2525D16CDEC870091B479 /* DCPAppDelegate.m in Sources */ = {isa = PBXBuildFile; fileRef = 38F2525C16CDEC870091B479 /* DCPAppDelegate.m */; };
		38F2526016CDEC870091B479 /* MainMenu.xib in Resources */ = {isa = PBXBuildFile; fileRef = 38F2525E16CDEC870091B479 /* MainMenu.xib */; };
		38F2526316CDEC870091B479 /* djangocp.xcdatamodeld in Sources */ = {isa = PBXBuildFile; fileRef = 38F2526116CDEC870091B479 /* djangocp.xcdatamodeld */; };
		38F2527416CDF7C00091B479 /* DCPBaseController.m in Sources */ = {isa = PBXBuildFile; fileRef = 38F2527316CDF7C00091B479 /* DCPBaseController.m */; };
		38F2527716CDF83F0091B479 /* DCPAppController.m in Sources */ = {isa = PBXBuildFile; fileRef = 38F2527616CDF83F0091B479 /* DCPAppController.m */; };
		38F2527A16CDF9320091B479 /* DCPTaskOperation.m in Sources */ = {isa = PBXBuildFile; fileRef = 38F2527916CDF9320091B479 /* DCPTaskOperation.m */; };
		38F2527D16CDF9550091B479 /* DCPUserDefaultKeys.m in Sources */ = {isa = PBXBuildFile; fileRef = 38F2527C16CDF9550091B479 /* DCPUserDefaultKeys.m */; };
		38F2528116CDFAA80091B479 /* DCPSolidColorView.m in Sources */ = {isa = PBXBuildFile; fileRef = 38F2528016CDFAA80091B479 /* DCPSolidColorView.m */; };
/* End PBXBuildFile section */

/* Begin PBXFileReference section */
		38273ED116CF1B2000AB3B03 /* DCPColor.h */ = {isa = PBXFileReference; fileEncoding = 4; lastKnownFileType = sourcecode.c.h; path = DCPColor.h; sourceTree = "<group>"; };
		38273ED216CF1B2000AB3B03 /* DCPColor.m */ = {isa = PBXFileReference; fileEncoding = 4; lastKnownFileType = sourcecode.c.objc; path = DCPColor.m; sourceTree = "<group>"; };
		38310C7516D5D07F0098C6F5 /* DCPTaskOperationManager.h */ = {isa = PBXFileReference; fileEncoding = 4; lastKnownFileType = sourcecode.c.h; path = DCPTaskOperationManager.h; sourceTree = "<group>"; };
		38310C7616D5D07F0098C6F5 /* DCPTaskOperationManager.m */ = {isa = PBXFileReference; fileEncoding = 4; lastKnownFileType = sourcecode.c.objc; path = DCPTaskOperationManager.m; sourceTree = "<group>"; };
		38488CC216D70F0B007CA4C6 /* DCPMainController.h */ = {isa = PBXFileReference; fileEncoding = 4; lastKnownFileType = sourcecode.c.h; path = DCPMainController.h; sourceTree = "<group>"; };
		38488CC316D70F0B007CA4C6 /* DCPMainController.m */ = {isa = PBXFileReference; fileEncoding = 4; lastKnownFileType = sourcecode.c.objc; path = DCPMainController.m; sourceTree = "<group>"; };
		38488CC416D70F0B007CA4C6 /* DCPMainView.xib */ = {isa = PBXFileReference; fileEncoding = 4; lastKnownFileType = file.xib; path = DCPMainView.xib; sourceTree = "<group>"; };
		38738F00172EAD9C00F031A5 /* status-icon.png */ = {isa = PBXFileReference; lastKnownFileType = image.png; path = "status-icon.png"; sourceTree = "<group>"; };
		38738F02172EB65600F031A5 /* logo.png */ = {isa = PBXFileReference; lastKnownFileType = image.png; path = logo.png; sourceTree = "<group>"; };
		38E9C5F217302E0100D77735 /* DCPPreferencesWindow.xib */ = {isa = PBXFileReference; fileEncoding = 4; lastKnownFileType = file.xib; path = DCPPreferencesWindow.xib; sourceTree = "<group>"; };
		38E9C5F417302EDF00D77735 /* DCPPreferencesController.h */ = {isa = PBXFileReference; fileEncoding = 4; lastKnownFileType = sourcecode.c.h; path = DCPPreferencesController.h; sourceTree = "<group>"; };
		38E9C5F517302EDF00D77735 /* DCPPreferencesController.m */ = {isa = PBXFileReference; fileEncoding = 4; lastKnownFileType = sourcecode.c.objc; path = DCPPreferencesController.m; sourceTree = "<group>"; };
		38E9C68E17304B3500D77735 /* com.ashier.dcpcommand-service.xpc */ = {isa = PBXFileReference; explicitFileType = wrapper.cfbundle; includeInIndex = 0; path = "com.ashier.dcpcommand-service.xpc"; sourceTree = BUILT_PRODUCTS_DIR; };
		38E9C68F17304B3500D77735 /* Foundation.framework */ = {isa = PBXFileReference; lastKnownFileType = wrapper.framework; name = Foundation.framework; path = System/Library/Frameworks/Foundation.framework; sourceTree = SDKROOT; };
		38E9C69317304B3500D77735 /* dcpcommand-service-Info.plist */ = {isa = PBXFileReference; lastKnownFileType = text.plist.xml; path = "dcpcommand-service-Info.plist"; sourceTree = "<group>"; };
		38E9C69517304B3500D77735 /* en */ = {isa = PBXFileReference; lastKnownFileType = text.plist.strings; name = en; path = en.lproj/InfoPlist.strings; sourceTree = "<group>"; };
		38E9C69717304B3500D77735 /* dcpcommand-service-Prefix.pch */ = {isa = PBXFileReference; lastKnownFileType = sourcecode.c.h; path = "dcpcommand-service-Prefix.pch"; sourceTree = "<group>"; };
		38E9C69817304B3500D77735 /* main.m */ = {isa = PBXFileReference; lastKnownFileType = sourcecode.c.objc; path = main.m; sourceTree = "<group>"; };
		38E9C69D17304B5400D77735 /* dcpcommand-service.entitlements */ = {isa = PBXFileReference; fileEncoding = 4; lastKnownFileType = text; path = "dcpcommand-service.entitlements"; sourceTree = "<group>"; };
		38F2524616CDEC870091B479 /* djangocp.app */ = {isa = PBXFileReference; explicitFileType = wrapper.application; includeInIndex = 0; path = djangocp.app; sourceTree = BUILT_PRODUCTS_DIR; };
		38F2524916CDEC870091B479 /* Cocoa.framework */ = {isa = PBXFileReference; lastKnownFileType = wrapper.framework; name = Cocoa.framework; path = System/Library/Frameworks/Cocoa.framework; sourceTree = SDKROOT; };
		38F2524C16CDEC870091B479 /* AppKit.framework */ = {isa = PBXFileReference; lastKnownFileType = wrapper.framework; name = AppKit.framework; path = System/Library/Frameworks/AppKit.framework; sourceTree = SDKROOT; };
		38F2524D16CDEC870091B479 /* CoreData.framework */ = {isa = PBXFileReference; lastKnownFileType = wrapper.framework; name = CoreData.framework; path = System/Library/Frameworks/CoreData.framework; sourceTree = SDKROOT; };
		38F2524E16CDEC870091B479 /* Foundation.framework */ = {isa = PBXFileReference; lastKnownFileType = wrapper.framework; name = Foundation.framework; path = System/Library/Frameworks/Foundation.framework; sourceTree = SDKROOT; };
		38F2525116CDEC870091B479 /* djangocp-Info.plist */ = {isa = PBXFileReference; lastKnownFileType = text.plist.xml; path = "djangocp-Info.plist"; sourceTree = "<group>"; };
		38F2525316CDEC870091B479 /* en */ = {isa = PBXFileReference; lastKnownFileType = text.plist.strings; name = en; path = en.lproj/InfoPlist.strings; sourceTree = "<group>"; };
		38F2525516CDEC870091B479 /* main.m */ = {isa = PBXFileReference; lastKnownFileType = sourcecode.c.objc; path = main.m; sourceTree = "<group>"; };
		38F2525716CDEC870091B479 /* djangocp-Prefix.pch */ = {isa = PBXFileReference; lastKnownFileType = sourcecode.c.h; path = "djangocp-Prefix.pch"; sourceTree = "<group>"; };
		38F2525916CDEC870091B479 /* en */ = {isa = PBXFileReference; lastKnownFileType = text.rtf; name = en; path = en.lproj/Credits.rtf; sourceTree = "<group>"; };
		38F2525B16CDEC870091B479 /* DCPAppDelegate.h */ = {isa = PBXFileReference; lastKnownFileType = sourcecode.c.h; path = DCPAppDelegate.h; sourceTree = "<group>"; };
		38F2525C16CDEC870091B479 /* DCPAppDelegate.m */ = {isa = PBXFileReference; lastKnownFileType = sourcecode.c.objc; path = DCPAppDelegate.m; sourceTree = "<group>"; };
		38F2525F16CDEC870091B479 /* en */ = {isa = PBXFileReference; lastKnownFileType = file.xib; name = en; path = en.lproj/MainMenu.xib; sourceTree = "<group>"; };
		38F2526216CDEC870091B479 /* djangocp.xcdatamodel */ = {isa = PBXFileReference; lastKnownFileType = wrapper.xcdatamodel; path = djangocp.xcdatamodel; sourceTree = "<group>"; };
		38F2527016CDF7050091B479 /* djangocp.entitlements */ = {isa = PBXFileReference; lastKnownFileType = text.xml; path = djangocp.entitlements; sourceTree = "<group>"; };
		38F2527216CDF7C00091B479 /* DCPBaseController.h */ = {isa = PBXFileReference; fileEncoding = 4; lastKnownFileType = sourcecode.c.h; path = DCPBaseController.h; sourceTree = "<group>"; };
		38F2527316CDF7C00091B479 /* DCPBaseController.m */ = {isa = PBXFileReference; fileEncoding = 4; lastKnownFileType = sourcecode.c.objc; path = DCPBaseController.m; sourceTree = "<group>"; };
		38F2527516CDF83F0091B479 /* DCPAppController.h */ = {isa = PBXFileReference; fileEncoding = 4; lastKnownFileType = sourcecode.c.h; path = DCPAppController.h; sourceTree = "<group>"; };
		38F2527616CDF83F0091B479 /* DCPAppController.m */ = {isa = PBXFileReference; fileEncoding = 4; lastKnownFileType = sourcecode.c.objc; path = DCPAppController.m; sourceTree = "<group>"; };
		38F2527816CDF9320091B479 /* DCPTaskOperation.h */ = {isa = PBXFileReference; fileEncoding = 4; lastKnownFileType = sourcecode.c.h; path = DCPTaskOperation.h; sourceTree = "<group>"; };
		38F2527916CDF9320091B479 /* DCPTaskOperation.m */ = {isa = PBXFileReference; fileEncoding = 4; lastKnownFileType = sourcecode.c.objc; path = DCPTaskOperation.m; sourceTree = "<group>"; };
		38F2527B16CDF9550091B479 /* DCPUserDefaultKeys.h */ = {isa = PBXFileReference; fileEncoding = 4; lastKnownFileType = sourcecode.c.h; path = DCPUserDefaultKeys.h; sourceTree = "<group>"; };
		38F2527C16CDF9550091B479 /* DCPUserDefaultKeys.m */ = {isa = PBXFileReference; fileEncoding = 4; lastKnownFileType = sourcecode.c.objc; path = DCPUserDefaultKeys.m; sourceTree = "<group>"; };
		38F2527F16CDFAA80091B479 /* DCPSolidColorView.h */ = {isa = PBXFileReference; fileEncoding = 4; lastKnownFileType = sourcecode.c.h; path = DCPSolidColorView.h; sourceTree = "<group>"; };
		38F2528016CDFAA80091B479 /* DCPSolidColorView.m */ = {isa = PBXFileReference; fileEncoding = 4; lastKnownFileType = sourcecode.c.objc; path = DCPSolidColorView.m; sourceTree = "<group>"; };
/* End PBXFileReference section */

/* Begin PBXFrameworksBuildPhase section */
		38E9C68B17304B3500D77735 /* Frameworks */ = {
			isa = PBXFrameworksBuildPhase;
			buildActionMask = 2147483647;
			files = (
				38E9C69017304B3500D77735 /* Foundation.framework in Frameworks */,
			);
			runOnlyForDeploymentPostprocessing = 0;
		};
		38F2524316CDEC870091B479 /* Frameworks */ = {
			isa = PBXFrameworksBuildPhase;
			buildActionMask = 2147483647;
			files = (
				38F2524A16CDEC870091B479 /* Cocoa.framework in Frameworks */,
			);
			runOnlyForDeploymentPostprocessing = 0;
		};
/* End PBXFrameworksBuildPhase section */

/* Begin PBXGroup section */
		38310C7416D5D0480098C6F5 /* Managers */ = {
			isa = PBXGroup;
			children = (
				38310C7516D5D07F0098C6F5 /* DCPTaskOperationManager.h */,
				38310C7616D5D07F0098C6F5 /* DCPTaskOperationManager.m */,
			);
			name = Managers;
			sourceTree = "<group>";
		};
		38E9C69117304B3500D77735 /* dcpcommand-service */ = {
			isa = PBXGroup;
			children = (
				38E9C69817304B3500D77735 /* main.m */,
				38E9C69217304B3500D77735 /* Supporting Files */,
			);
			path = "dcpcommand-service";
			sourceTree = "<group>";
		};
		38E9C69217304B3500D77735 /* Supporting Files */ = {
			isa = PBXGroup;
			children = (
				38E9C69317304B3500D77735 /* dcpcommand-service-Info.plist */,
				38E9C69417304B3500D77735 /* InfoPlist.strings */,
				38E9C69717304B3500D77735 /* dcpcommand-service-Prefix.pch */,
				38E9C69D17304B5400D77735 /* dcpcommand-service.entitlements */,
			);
			name = "Supporting Files";
			sourceTree = "<group>";
		};
		38F2523D16CDEC870091B479 = {
			isa = PBXGroup;
			children = (
				38F2524F16CDEC870091B479 /* djangocp */,
				38E9C69117304B3500D77735 /* dcpcommand-service */,
				38F2524816CDEC870091B479 /* Frameworks */,
				38F2524716CDEC870091B479 /* Products */,
			);
			sourceTree = "<group>";
		};
		38F2524716CDEC870091B479 /* Products */ = {
			isa = PBXGroup;
			children = (
				38F2524616CDEC870091B479 /* djangocp.app */,
				38E9C68E17304B3500D77735 /* com.ashier.dcpcommand-service.xpc */,
			);
			name = Products;
			sourceTree = "<group>";
		};
		38F2524816CDEC870091B479 /* Frameworks */ = {
			isa = PBXGroup;
			children = (
				38F2524916CDEC870091B479 /* Cocoa.framework */,
				38E9C68F17304B3500D77735 /* Foundation.framework */,
				38F2524B16CDEC870091B479 /* Other Frameworks */,
			);
			name = Frameworks;
			sourceTree = "<group>";
		};
		38F2524B16CDEC870091B479 /* Other Frameworks */ = {
			isa = PBXGroup;
			children = (
				38F2524C16CDEC870091B479 /* AppKit.framework */,
				38F2524D16CDEC870091B479 /* CoreData.framework */,
				38F2524E16CDEC870091B479 /* Foundation.framework */,
			);
			name = "Other Frameworks";
			sourceTree = "<group>";
		};
		38F2524F16CDEC870091B479 /* djangocp */ = {
			isa = PBXGroup;
			children = (
				38F2527116CDF7A30091B479 /* Core */,
				38F2526916CDECD80091B479 /* Delegates */,
				38310C7416D5D0480098C6F5 /* Managers */,
				38F2526D16CDECFB0091B479 /* Controllers */,
				38F2526C16CDECF50091B479 /* Utils */,
				38F2526B16CDECEC0091B479 /* Models */,
				38F2527E16CDFA7F0091B479 /* Controls */,
				38F2526A16CDECE10091B479 /* Views */,
				38F2525016CDEC870091B479 /* Supporting Files */,
			);
			path = djangocp;
			sourceTree = "<group>";
		};
		38F2525016CDEC870091B479 /* Supporting Files */ = {
			isa = PBXGroup;
			children = (
				38F2526E16CDED290091B479 /* assets */,
				38F2526116CDEC870091B479 /* djangocp.xcdatamodeld */,
				38F2527016CDF7050091B479 /* djangocp.entitlements */,
				38F2525116CDEC870091B479 /* djangocp-Info.plist */,
				38F2525216CDEC870091B479 /* InfoPlist.strings */,
				38F2525516CDEC870091B479 /* main.m */,
				38F2525716CDEC870091B479 /* djangocp-Prefix.pch */,
				38F2525816CDEC870091B479 /* Credits.rtf */,
			);
			name = "Supporting Files";
			sourceTree = "<group>";
		};
		38F2526916CDECD80091B479 /* Delegates */ = {
			isa = PBXGroup;
			children = (
				38F2525B16CDEC870091B479 /* DCPAppDelegate.h */,
				38F2525C16CDEC870091B479 /* DCPAppDelegate.m */,
			);
			name = Delegates;
			sourceTree = "<group>";
		};
		38F2526A16CDECE10091B479 /* Views */ = {
			isa = PBXGroup;
			children = (
				38F2525E16CDEC870091B479 /* MainMenu.xib */,
				38488CC416D70F0B007CA4C6 /* DCPMainView.xib */,
				38E9C5F217302E0100D77735 /* DCPPreferencesWindow.xib */,
			);
			name = Views;
			sourceTree = "<group>";
		};
		38F2526B16CDECEC0091B479 /* Models */ = {
			isa = PBXGroup;
			children = (
				38F2527B16CDF9550091B479 /* DCPUserDefaultKeys.h */,
				38F2527C16CDF9550091B479 /* DCPUserDefaultKeys.m */,
			);
			name = Models;
			sourceTree = "<group>";
		};
		38F2526C16CDECF50091B479 /* Utils */ = {
			isa = PBXGroup;
			children = (
				38F2527816CDF9320091B479 /* DCPTaskOperation.h */,
				38F2527916CDF9320091B479 /* DCPTaskOperation.m */,
				38273ED116CF1B2000AB3B03 /* DCPColor.h */,
				38273ED216CF1B2000AB3B03 /* DCPColor.m */,
			);
			name = Utils;
			sourceTree = "<group>";
		};
		38F2526D16CDECFB0091B479 /* Controllers */ = {
			isa = PBXGroup;
			children = (
				38F2527516CDF83F0091B479 /* DCPAppController.h */,
				38F2527616CDF83F0091B479 /* DCPAppController.m */,
				38488CC216D70F0B007CA4C6 /* DCPMainController.h */,
				38488CC316D70F0B007CA4C6 /* DCPMainController.m */,
				38E9C5F417302EDF00D77735 /* DCPPreferencesController.h */,
				38E9C5F517302EDF00D77735 /* DCPPreferencesController.m */,
			);
			name = Controllers;
			sourceTree = "<group>";
		};
		38F2526E16CDED290091B479 /* assets */ = {
			isa = PBXGroup;
			children = (
				38F2526F16CDED3A0091B479 /* images */,
			);
			name = assets;
			sourceTree = "<group>";
		};
		38F2526F16CDED3A0091B479 /* images */ = {
			isa = PBXGroup;
			children = (
				38738F02172EB65600F031A5 /* logo.png */,
				38738F00172EAD9C00F031A5 /* status-icon.png */,
			);
			name = images;
			sourceTree = "<group>";
		};
		38F2527116CDF7A30091B479 /* Core */ = {
			isa = PBXGroup;
			children = (
				38F2527216CDF7C00091B479 /* DCPBaseController.h */,
				38F2527316CDF7C00091B479 /* DCPBaseController.m */,
			);
			name = Core;
			sourceTree = "<group>";
		};
		38F2527E16CDFA7F0091B479 /* Controls */ = {
			isa = PBXGroup;
			children = (
				38F2527F16CDFAA80091B479 /* DCPSolidColorView.h */,
				38F2528016CDFAA80091B479 /* DCPSolidColorView.m */,
			);
			name = Controls;
			sourceTree = "<group>";
		};
/* End PBXGroup section */

/* Begin PBXNativeTarget section */
		38E9C68D17304B3500D77735 /* dcpcommand-service */ = {
			isa = PBXNativeTarget;
			buildConfigurationList = 38E9C69C17304B3500D77735 /* Build configuration list for PBXNativeTarget "dcpcommand-service" */;
			buildPhases = (
				38E9C68A17304B3500D77735 /* Sources */,
				38E9C68B17304B3500D77735 /* Frameworks */,
				38E9C68C17304B3500D77735 /* Resources */,
			);
			buildRules = (
			);
			dependencies = (
			);
			name = "dcpcommand-service";
			productName = "dcpcommand-service";
			productReference = 38E9C68E17304B3500D77735 /* com.ashier.dcpcommand-service.xpc */;
			productType = "com.apple.product-type.bundle";
		};
		38F2524516CDEC870091B479 /* djangocp */ = {
			isa = PBXNativeTarget;
			buildConfigurationList = 38F2526616CDEC870091B479 /* Build configuration list for PBXNativeTarget "djangocp" */;
			buildPhases = (
				38F2524216CDEC870091B479 /* Sources */,
				38F2524316CDEC870091B479 /* Frameworks */,
				38F2524416CDEC870091B479 /* Resources */,
			);
			buildRules = (
			);
			dependencies = (
			);
			name = djangocp;
			productName = djangocp;
			productReference = 38F2524616CDEC870091B479 /* djangocp.app */;
			productType = "com.apple.product-type.application";
		};
/* End PBXNativeTarget section */

/* Begin PBXProject section */
		38F2523E16CDEC870091B479 /* Project object */ = {
			isa = PBXProject;
			attributes = {
				CLASSPREFIX = DCP;
				LastUpgradeCheck = 0460;
				ORGANIZATIONNAME = "Ashier de Leon";
			};
			buildConfigurationList = 38F2524116CDEC870091B479 /* Build configuration list for PBXProject "djangocp" */;
			compatibilityVersion = "Xcode 3.2";
			developmentRegion = English;
			hasScannedForEncodings = 0;
			knownRegions = (
				en,
			);
			mainGroup = 38F2523D16CDEC870091B479;
			productRefGroup = 38F2524716CDEC870091B479 /* Products */;
			projectDirPath = "";
			projectRoot = "";
			targets = (
				38F2524516CDEC870091B479 /* djangocp */,
				38E9C68D17304B3500D77735 /* dcpcommand-service */,
			);
		};
/* End PBXProject section */

/* Begin PBXResourcesBuildPhase section */
		38E9C68C17304B3500D77735 /* Resources */ = {
			isa = PBXResourcesBuildPhase;
			buildActionMask = 2147483647;
			files = (
				38E9C69617304B3500D77735 /* InfoPlist.strings in Resources */,
				38E9C69E17304B5400D77735 /* dcpcommand-service.entitlements in Resources */,
			);
			runOnlyForDeploymentPostprocessing = 0;
		};
		38F2524416CDEC870091B479 /* Resources */ = {
			isa = PBXResourcesBuildPhase;
			buildActionMask = 2147483647;
			files = (
				38F2525416CDEC870091B479 /* InfoPlist.strings in Resources */,
				38F2525A16CDEC870091B479 /* Credits.rtf in Resources */,
				38F2526016CDEC870091B479 /* MainMenu.xib in Resources */,
				38488CC616D70F0B007CA4C6 /* DCPMainView.xib in Resources */,
				38738F01172EAD9C00F031A5 /* status-icon.png in Resources */,
				38738F03172EB65600F031A5 /* logo.png in Resources */,
				38E9C5F317302E0100D77735 /* DCPPreferencesWindow.xib in Resources */,
			);
			runOnlyForDeploymentPostprocessing = 0;
		};
/* End PBXResourcesBuildPhase section */

/* Begin PBXSourcesBuildPhase section */
		38E9C68A17304B3500D77735 /* Sources */ = {
			isa = PBXSourcesBuildPhase;
			buildActionMask = 2147483647;
			files = (
				38E9C69917304B3500D77735 /* main.m in Sources */,
			);
			runOnlyForDeploymentPostprocessing = 0;
		};
		38F2524216CDEC870091B479 /* Sources */ = {
			isa = PBXSourcesBuildPhase;
			buildActionMask = 2147483647;
			files = (
				38F2525616CDEC870091B479 /* main.m in Sources */,
				38F2525D16CDEC870091B479 /* DCPAppDelegate.m in Sources */,
				38F2526316CDEC870091B479 /* djangocp.xcdatamodeld in Sources */,
				38F2527416CDF7C00091B479 /* DCPBaseController.m in Sources */,
				38F2527716CDF83F0091B479 /* DCPAppController.m in Sources */,
				38F2527A16CDF9320091B479 /* DCPTaskOperation.m in Sources */,
				38F2527D16CDF9550091B479 /* DCPUserDefaultKeys.m in Sources */,
				38F2528116CDFAA80091B479 /* DCPSolidColorView.m in Sources */,
				38273ED316CF1B2000AB3B03 /* DCPColor.m in Sources */,
				38310C7716D5D07F0098C6F5 /* DCPTaskOperationManager.m in Sources */,
				38488CC516D70F0B007CA4C6 /* DCPMainController.m in Sources */,
				38E9C5F617302EDF00D77735 /* DCPPreferencesController.m in Sources */,
			);
			runOnlyForDeploymentPostprocessing = 0;
		};
/* End PBXSourcesBuildPhase section */

/* Begin PBXVariantGroup section */
		38E9C69417304B3500D77735 /* InfoPlist.strings */ = {
			isa = PBXVariantGroup;
			children = (
				38E9C69517304B3500D77735 /* en */,
			);
			name = InfoPlist.strings;
			sourceTree = "<group>";
		};
		38F2525216CDEC870091B479 /* InfoPlist.strings */ = {
			isa = PBXVariantGroup;
			children = (
				38F2525316CDEC870091B479 /* en */,
			);
			name = InfoPlist.strings;
			sourceTree = "<group>";
		};
		38F2525816CDEC870091B479 /* Credits.rtf */ = {
			isa = PBXVariantGroup;
			children = (
				38F2525916CDEC870091B479 /* en */,
			);
			name = Credits.rtf;
			sourceTree = "<group>";
		};
		38F2525E16CDEC870091B479 /* MainMenu.xib */ = {
			isa = PBXVariantGroup;
			children = (
				38F2525F16CDEC870091B479 /* en */,
			);
			name = MainMenu.xib;
			sourceTree = "<group>";
		};
/* End PBXVariantGroup section */

/* Begin XCBuildConfiguration section */
		38E9C69A17304B3500D77735 /* Debug */ = {
			isa = XCBuildConfiguration;
			buildSettings = {
				COMBINE_HIDPI_IMAGES = YES;
				GCC_PRECOMPILE_PREFIX_HEADER = YES;
				GCC_PREFIX_HEADER = "dcpcommand-service/dcpcommand-service-Prefix.pch";
				INFOPLIST_FILE = "dcpcommand-service/dcpcommand-service-Info.plist";
				MACH_O_TYPE = mh_execute;
				PRODUCT_NAME = "com.ashier.$(TARGET_NAME:rfc1034identifier)";
				WRAPPER_EXTENSION = xpc;
			};
			name = Debug;
		};
		38E9C69B17304B3500D77735 /* Release */ = {
			isa = XCBuildConfiguration;
			buildSettings = {
				COMBINE_HIDPI_IMAGES = YES;
				GCC_PRECOMPILE_PREFIX_HEADER = YES;
				GCC_PREFIX_HEADER = "dcpcommand-service/dcpcommand-service-Prefix.pch";
				INFOPLIST_FILE = "dcpcommand-service/dcpcommand-service-Info.plist";
				MACH_O_TYPE = mh_execute;
				PRODUCT_NAME = "com.ashier.$(TARGET_NAME:rfc1034identifier)";
				WRAPPER_EXTENSION = xpc;
			};
			name = Release;
		};
		38F2526416CDEC870091B479 /* Debug */ = {
			isa = XCBuildConfiguration;
			buildSettings = {
				ALWAYS_SEARCH_USER_PATHS = NO;
				ARCHS = "$(ARCHS_STANDARD_64_BIT)";
				CLANG_CXX_LANGUAGE_STANDARD = "gnu++0x";
				CLANG_CXX_LIBRARY = "libc++";
				CLANG_ENABLE_OBJC_ARC = YES;
				CLANG_WARN_CONSTANT_CONVERSION = YES;
				CLANG_WARN_EMPTY_BODY = YES;
				CLANG_WARN_ENUM_CONVERSION = YES;
				CLANG_WARN_INT_CONVERSION = YES;
				CLANG_WARN__DUPLICATE_METHOD_MATCH = YES;
				COPY_PHASE_STRIP = NO;
				GCC_C_LANGUAGE_STANDARD = gnu99;
				GCC_DYNAMIC_NO_PIC = NO;
				GCC_ENABLE_OBJC_EXCEPTIONS = YES;
				GCC_OPTIMIZATION_LEVEL = 0;
				GCC_PREPROCESSOR_DEFINITIONS = (
					"DEBUG=1",
					"$(inherited)",
				);
				GCC_SYMBOLS_PRIVATE_EXTERN = NO;
				GCC_WARN_64_TO_32_BIT_CONVERSION = YES;
				GCC_WARN_ABOUT_RETURN_TYPE = YES;
				GCC_WARN_UNINITIALIZED_AUTOS = YES;
				GCC_WARN_UNUSED_VARIABLE = YES;
				MACOSX_DEPLOYMENT_TARGET = 10.8;
				ONLY_ACTIVE_ARCH = YES;
				SDKROOT = macosx;
			};
			name = Debug;
		};
		38F2526516CDEC870091B479 /* Release */ = {
			isa = XCBuildConfiguration;
			buildSettings = {
				ALWAYS_SEARCH_USER_PATHS = NO;
				ARCHS = "$(ARCHS_STANDARD_64_BIT)";
				CLANG_CXX_LANGUAGE_STANDARD = "gnu++0x";
				CLANG_CXX_LIBRARY = "libc++";
				CLANG_ENABLE_OBJC_ARC = YES;
				CLANG_WARN_CONSTANT_CONVERSION = YES;
				CLANG_WARN_EMPTY_BODY = YES;
				CLANG_WARN_ENUM_CONVERSION = YES;
				CLANG_WARN_INT_CONVERSION = YES;
				CLANG_WARN__DUPLICATE_METHOD_MATCH = YES;
				COPY_PHASE_STRIP = YES;
				DEBUG_INFORMATION_FORMAT = "dwarf-with-dsym";
				GCC_C_LANGUAGE_STANDARD = gnu99;
				GCC_ENABLE_OBJC_EXCEPTIONS = YES;
				GCC_WARN_64_TO_32_BIT_CONVERSION = YES;
				GCC_WARN_ABOUT_RETURN_TYPE = YES;
				GCC_WARN_UNINITIALIZED_AUTOS = YES;
				GCC_WARN_UNUSED_VARIABLE = YES;
				MACOSX_DEPLOYMENT_TARGET = 10.8;
				SDKROOT = macosx;
			};
			name = Release;
		};
		38F2526716CDEC870091B479 /* Debug */ = {
			isa = XCBuildConfiguration;
			buildSettings = {
				CODE_SIGN_ENTITLEMENTS = djangocp/djangocp.entitlements;
				CODE_SIGN_IDENTITY = "";
				COMBINE_HIDPI_IMAGES = YES;
				GCC_PRECOMPILE_PREFIX_HEADER = YES;
				GCC_PREFIX_HEADER = "djangocp/djangocp-Prefix.pch";
				INFOPLIST_FILE = "djangocp/djangocp-Info.plist";
				PRODUCT_NAME = "$(TARGET_NAME)";
				WRAPPER_EXTENSION = app;
			};
			name = Debug;
		};
		38F2526816CDEC870091B479 /* Release */ = {
			isa = XCBuildConfiguration;
			buildSettings = {
				CODE_SIGN_ENTITLEMENTS = djangocp/djangocp.entitlements;
				CODE_SIGN_IDENTITY = "";
				COMBINE_HIDPI_IMAGES = YES;
				GCC_PRECOMPILE_PREFIX_HEADER = YES;
				GCC_PREFIX_HEADER = "djangocp/djangocp-Prefix.pch";
				INFOPLIST_FILE = "djangocp/djangocp-Info.plist";
				PRODUCT_NAME = "$(TARGET_NAME)";
				WRAPPER_EXTENSION = app;
			};
			name = Release;
		};
/* End XCBuildConfiguration section */

/* Begin XCConfigurationList section */
		38E9C69C17304B3500D77735 /* Build configuration list for PBXNativeTarget "dcpcommand-service" */ = {
			isa = XCConfigurationList;
			buildConfigurations = (
				38E9C69A17304B3500D77735 /* Debug */,
				38E9C69B17304B3500D77735 /* Release */,
			);
			defaultConfigurationIsVisible = 0;
		};
		38F2524116CDEC870091B479 /* Build configuration list for PBXProject "djangocp" */ = {
			isa = XCConfigurationList;
			buildConfigurations = (
				38F2526416CDEC870091B479 /* Debug */,
				38F2526516CDEC870091B479 /* Release */,
			);
			defaultConfigurationIsVisible = 0;
			defaultConfigurationName = Release;
		};
		38F2526616CDEC870091B479 /* Build configuration list for PBXNativeTarget "djangocp" */ = {
			isa = XCConfigurationList;
			buildConfigurations = (
				38F2526716CDEC870091B479 /* Debug */,
				38F2526816CDEC870091B479 /* Release */,
			);
			defaultConfigurationIsVisible = 0;
			defaultConfigurationName = Release;
		};
/* End XCConfigurationList section */

/* Begin XCVersionGroup section */
		38F2526116CDEC870091B479 /* djangocp.xcdatamodeld */ = {
			isa = XCVersionGroup;
			children = (
				38F2526216CDEC870091B479 /* djangocp.xcdatamodel */,
			);
			currentVersion = 38F2526216CDEC870091B479 /* djangocp.xcdatamodel */;
			path = djangocp.xcdatamodeld;
			sourceTree = "<group>";
			versionGroupType = wrapper.xcdatamodel;
		};
/* End XCVersionGroup section */
	};
	rootObject = 38F2523E16CDEC870091B479 /* Project object */;
}
